
Microsoft Visual Studio Solution File, Format Version 12.00
# Visual Studio 15
VisualStudioVersion = 15.0.27130.2027
MinimumVisualStudioVersion = 10.0.40219.1
Project("{FAE04EC0-301F-11D3-BF4B-00C04F79EFBC}") = "CmdArgs", "CmdArgs\CmdArgs.csproj", "{C6ECA89C-09EE-42DF-B400-38EE8DD36B49}"
EndProject
Project("{FAE04EC0-301F-11D3-BF4B-00C04F79EFBC}") = "CmdArgsTester", "CmdArgsTester\CmdArgsTester.csproj", "{2CCC8F00-2A9D-4CF6-99F0-DCC1F1F7301A}"
EndProject
Project("{FAE04EC0-301F-11D3-BF4B-00C04F79EFBC}") = "CmdArgsTests", "CmdArgsTests\CmdArgsTests.csproj", "{C643CC2A-970C-4ABE-9BB4-E136547CA040}"
EndProject
Global
	GlobalSection(SolutionConfigurationPlatforms) = preSolution
		Debug|Any CPU = Debug|Any CPU
		Release|Any CPU = Release|Any CPU
	EndGlobalSection
	GlobalSection(ProjectConfigurationPlatforms) = postSolution
		{C6ECA89C-09EE-42DF-B400-38EE8DD36B49}.Debug|Any CPU.ActiveCfg = Debug|Any CPU
		{C6ECA89C-09EE-42DF-B400-38EE8DD36B49}.Debug|Any CPU.Build.0 = Debug|Any CPU
		{C6ECA89C-09EE-42DF-B400-38EE8DD36B49}.Release|Any CPU.ActiveCfg = Release|Any CPU
		{C6ECA89C-09EE-42DF-B400-38EE8DD36B49}.Release|Any CPU.Build.0 = Release|Any CPU
		{2CCC8F00-2A9D-4CF6-99F0-DCC1F1F7301A}.Debug|Any CPU.ActiveCfg = Debug|Any CPU
		{2CCC8F00-2A9D-4CF6-99F0-DCC1F1F7301A}.Debug|Any CPU.Build.0 = Debug|Any CPU
		{2CCC8F00-2A9D-4CF6-99F0-DCC1F1F7301A}.Release|Any CPU.ActiveCfg = Release|Any CPU
		{2CCC8F00-2A9D-4CF6-99F0-DCC1F1F7301A}.Release|Any CPU.Build.0 = Release|Any CPU
		{C643CC2A-970C-4ABE-9BB4-E136547CA040}.Debug|Any CPU.ActiveCfg = Debug|Any CPU
		{C643CC2A-970C-4ABE-9BB4-E136547CA040}.Debug|Any CPU.Build.0 = Debug|Any CPU
		{C643CC2A-970C-4ABE-9BB4-E136547CA040}.Release|Any CPU.ActiveCfg = Release|Any CPU
		{C643CC2A-970C-4ABE-9BB4-E136547CA040}.Release|Any CPU.Build.0 = Release|Any CPU
	EndGlobalSection
	GlobalSection(SolutionProperties) = preSolution
		HideSolutionNode = FALSE
	EndGlobalSection
	GlobalSection(ExtensibilityGlobals) = postSolution
		SolutionGuid = {1652EB0F-30DF-4243-A94F-503FEA19087C}
	EndGlobalSection
EndGlobal
